
Microsoft Visual Studio Solution File, Format Version 12.00
# Visual Studio Version 17
VisualStudioVersion = 17.4.33403.182
MinimumVisualStudioVersion = 10.0.40219.1
Project("{8BC9CEB8-8B4A-11D0-8D11-00A0C91BC942}") = "Server", "Server\Server.vcxproj", "{4825EA0B-A2EF-4CC0-9987-0DD0CD629478}"
EndProject
Project("{8BC9CEB8-8B4A-11D0-8D11-00A0C91BC942}") = "client", "client\client.vcxproj", "{728CB9CE-7A99-47A3-A802-F454CDC1941F}"
EndProject
Global
	GlobalSection(SolutionConfigurationPlatforms) = preSolution
		Debug|x64 = Debug|x64
		Debug|x86 = Debug|x86
		Release|x64 = Release|x64
		Release|x86 = Release|x86
	EndGlobalSection
	GlobalSection(ProjectConfigurationPlatforms) = postSolution
		{4825EA0B-A2EF-4CC0-9987-0DD0CD629478}.Debug|x64.ActiveCfg = Debug|x64
		{4825EA0B-A2EF-4CC0-9987-0DD0CD629478}.Debug|x64.Build.0 = Debug|x64
		{4825EA0B-A2EF-4CC0-9987-0DD0CD629478}.Debug|x86.ActiveCfg = Debug|Win32
		{4825EA0B-A2EF-4CC0-9987-0DD0CD629478}.Debug|x86.Build.0 = Debug|Win32
		{4825EA0B-A2EF-4CC0-9987-0DD0CD629478}.Release|x64.ActiveCfg = Release|x64
		{4825EA0B-A2EF-4CC0-9987-0DD0CD629478}.Release|x64.Build.0 = Release|x64
		{4825EA0B-A2EF-4CC0-9987-0DD0CD629478}.Release|x86.ActiveCfg = Release|Win32
		{4825EA0B-A2EF-4CC0-9987-0DD0CD629478}.Release|x86.Build.0 = Release|Win32
		{728CB9CE-7A99-47A3-A802-F454CDC1941F}.Debug|x64.ActiveCfg = Debug|x64
		{728CB9CE-7A99-47A3-A802-F454CDC1941F}.Debug|x64.Build.0 = Debug|x64
		{728CB9CE-7A99-47A3-A802-F454CDC1941F}.Debug|x86.ActiveCfg = Debug|Win32
		{728CB9CE-7A99-47A3-A802-F454CDC1941F}.Debug|x86.Build.0 = Debug|Win32
		{728CB9CE-7A99-47A3-A802-F454CDC1941F}.Release|x64.ActiveCfg = Release|x64
		{728CB9CE-7A99-47A3-A802-F454CDC1941F}.Release|x64.Build.0 = Release|x64
		{728CB9CE-7A99-47A3-A802-F454CDC1941F}.Release|x86.ActiveCfg = Release|Win32
		{728CB9CE-7A99-47A3-A802-F454CDC1941F}.Release|x86.Build.0 = Release|Win32
	EndGlobalSection
	GlobalSection(SolutionProperties) = preSolution
		HideSolutionNode = FALSE
	EndGlobalSection
	GlobalSection(ExtensibilityGlobals) = postSolution
		SolutionGuid = {EB811351-F15E-4CF1-B9AC-BF20E44A9A3F}
	EndGlobalSection
EndGlobal
